{
  "name": "@domglyph/docs",
  "version": "0.0.1",
  "lockfileVersion": 3,
  "requires": true,
  "packages": {
    "": {
      "name": "@domglyph/docs",
      "version": "0.0.1",
      "dependencies": {
        "@domglyph/ai-contract": "2.1.0",
        "@domglyph/components": "2.1.0",
        "@domglyph/primitives": "2.1.0",
        "@domglyph/runtime": "2.1.0",
        "@mdx-js/loader": "^3.1.1",
        "@mdx-js/react": "^3.1.1",
        "@next/mdx": "^16.2.1",
        "@tailwindcss/typography": "^0.5.19",
        "autoprefixer": "^10.4.27",
        "gray-matter": "^4.0.3",
        "next": "^14.2.15",
        "next-themes": "^0.4.6",
        "react": "^18.3.1",
        "react-dom": "^18.3.1",
        "rehype-autolink-headings": "^7.1.0",
        "rehype-slug": "^6.0.0",
        "remark-gfm": "^4.0.1",
        "shiki": "^4.0.2",
        "tailwindcss": "^3.4.0"
      },
      "devDependencies": {
        "@types/mdx": "^2.0.13",
        "@types/react": "^18.3.3",
        "@types/react-dom": "^18.3.0",
        "tsx": "^4.21.0"
      }
    },
    "../../node_modules/.pnpm/@domglyph+primitives@2.0.0/node_modules/@domglyph/primitives": {
      "version": "2.0.0",
      "extraneous": true,
      "dependencies": {
        "@domglyph/tokens": "2.0.0",
        "react": "^18.3.1",
        "react-dom": "^18.3.1"
      },
      "devDependencies": {
        "@types/react": "^18.3.3",
        "@types/react-dom": "^18.3.0",
        "tsup": "^8.5.1"
      }
    },
    "../../node_modules/.pnpm/@mdx-js+loader@3.1.1/node_modules/@mdx-js/loader": {
      "version": "3.1.1",
      "license": "MIT",
      "dependencies": {
        "@mdx-js/mdx": "^3.0.0",
        "source-map": "^0.7.0"
      },
      "devDependencies": {},
      "funding": {
        "type": "opencollective",
        "url": "https://opencollective.com/unified"
      },
      "peerDependencies": {
        "webpack": ">=5"
      },
      "peerDependenciesMeta": {
        "webpack": {
          "optional": true
        }
      }
    },
    "../../node_modules/.pnpm/@mdx-js+react@3.1.1_@types+react@18.3.28_react@18.3.1/node_modules/@mdx-js/react": {
      "version": "3.1.1",
      "license": "MIT",
      "dependencies": {
        "@types/mdx": "^2.0.0"
      },
      "devDependencies": {},
      "funding": {
        "type": "opencollective",
        "url": "https://opencollective.com/unified"
      },
      "peerDependencies": {
        "@types/react": ">=16",
        "react": ">=16"
      }
    },
    "../../node_modules/.pnpm/@next+mdx@16.2.1_@mdx-js+loader@3.1.1_@mdx-js+react@3.1.1_@types+react@18.3.28_react@18.3.1_/node_modules/@next/mdx": {
      "version": "16.2.1",
      "license": "MIT",
      "dependencies": {
        "source-map": "^0.7.0"
      },
      "peerDependencies": {
        "@mdx-js/loader": ">=0.15.0",
        "@mdx-js/react": ">=0.15.0"
      },
      "peerDependenciesMeta": {
        "@mdx-js/loader": {
          "optional": true
        },
        "@mdx-js/react": {
          "optional": true
        }
      }
    },
    "../../node_modules/.pnpm/@tailwindcss+typography@0.5.19_tailwindcss@3.4.19_tsx@4.21.0_/node_modules/@tailwindcss/typography": {
      "version": "0.5.19",
      "license": "MIT",
      "dependencies": {
        "postcss-selector-parser": "6.0.10"
      },
      "devDependencies": {
        "@mdx-js/loader": "^1.0.19",
        "@mdx-js/mdx": "^1.6.6",
        "@next/mdx": "^8.1.0",
        "autoprefixer": "^10.2.1",
        "highlight.js": "^10.4.1",
        "jest": "^29.7.0",
        "jest-diff": "^27.3.1",
        "next": "^12.0.1",
        "postcss": "^8.2.3",
        "prettier": "^2.1.2",
        "react": "^17.0.2",
        "react-dom": "^17.0.2",
        "tailwindcss": "^3.2.2"
      },
      "peerDependencies": {
        "tailwindcss": ">=3.0.0 || insiders || >=4.0.0-alpha.20 || >=4.0.0-beta.1"
      }
    },
    "../../node_modules/.pnpm/@types+mdx@2.0.13/node_modules/@types/mdx": {
      "version": "2.0.13",
      "dev": true,
      "license": "MIT"
    },
    "../../node_modules/.pnpm/@types+react-dom@18.3.7_@types+react@18.3.28/node_modules/@types/react-dom": {
      "version": "18.3.7",
      "dev": true,
      "license": "MIT",
      "peerDependencies": {
        "@types/react": "^18.0.0"
      }
    },
    "../../node_modules/.pnpm/@types+react@18.3.28/node_modules/@types/react": {
      "version": "18.3.28",
      "dev": true,
      "license": "MIT",
      "dependencies": {
        "@types/prop-types": "*",
        "csstype": "^3.2.2"
      }
    },
    "../../node_modules/.pnpm/autoprefixer@10.4.27_postcss@8.5.8/node_modules/autoprefixer": {
      "version": "10.4.27",
      "funding": [
        {
          "type": "opencollective",
          "url": "https://opencollective.com/postcss/"
        },
        {
          "type": "tidelift",
          "url": "https://tidelift.com/funding/github/npm/autoprefixer"
        },
        {
          "type": "github",
          "url": "https://github.com/sponsors/ai"
        }
      ],
      "license": "MIT",
      "dependencies": {
        "browserslist": "^4.28.1",
        "caniuse-lite": "^1.0.30001774",
        "fraction.js": "^5.3.4",
        "picocolors": "^1.1.1",
        "postcss-value-parser": "^4.2.0"
      },
      "bin": {
        "autoprefixer": "bin/autoprefixer"
      },
      "engines": {
        "node": "^10 || ^12 || >=14"
      },
      "peerDependencies": {
        "postcss": "^8.1.0"
      }
    },
    "../../node_modules/.pnpm/gray-matter@4.0.3/node_modules/gray-matter": {
      "version": "4.0.3",
      "license": "MIT",
      "dependencies": {
        "js-yaml": "^3.13.1",
        "kind-of": "^6.0.2",
        "section-matter": "^1.0.0",
        "strip-bom-string": "^1.0.0"
      },
      "devDependencies": {
        "ansi-green": "^0.1.1",
        "benchmarked": "^2.0.0",
        "coffeescript": "^2.2.3",
        "delimiter-regex": "^2.0.0",
        "extend-shallow": "^3.0.2",
        "front-matter": "^2.3.0",
        "gulp-format-md": "^1.0.0",
        "minimist": "^1.2.0",
        "mocha": "^6.1.4",
        "toml": "^2.3.3",
        "vinyl": "^2.1.0",
        "write": "^1.0.3"
      },
      "engines": {
        "node": ">=6.0"
      }
    },
    "../../node_modules/.pnpm/next-themes@0.4.6_react-dom@18.3.1_react@18.3.1__react@18.3.1/node_modules/next-themes": {
      "version": "0.4.6",
      "license": "MIT",
      "devDependencies": {
        "react": "^18.2.0",
        "react-dom": "^18.2.0"
      },
      "peerDependencies": {
        "react": "^16.8 || ^17 || ^18 || ^19 || ^19.0.0-rc",
        "react-dom": "^16.8 || ^17 || ^18 || ^19 || ^19.0.0-rc"
      }
    },
    "../../node_modules/.pnpm/next@14.2.35_react-dom@18.3.1_react@18.3.1__react@18.3.1/node_modules/next": {
      "version": "14.2.35",
      "license": "MIT",
      "dependencies": {
        "@next/env": "14.2.35",
        "@swc/helpers": "0.5.5",
        "busboy": "1.6.0",
        "caniuse-lite": "^1.0.30001579",
        "graceful-fs": "^4.2.11",
        "postcss": "8.4.31",
        "styled-jsx": "5.1.1"
      },
      "bin": {
        "next": "dist/bin/next"
      },
      "devDependencies": {
        "@ampproject/toolbox-optimizer": "2.8.3",
        "@babel/code-frame": "7.22.5",
        "@babel/core": "7.22.5",
        "@babel/eslint-parser": "7.22.5",
        "@babel/generator": "7.22.5",
        "@babel/plugin-proposal-class-properties": "7.18.6",
        "@babel/plugin-proposal-export-namespace-from": "7.18.9",
        "@babel/plugin-proposal-numeric-separator": "7.18.6",
        "@babel/plugin-proposal-object-rest-spread": "7.20.7",
        "@babel/plugin-syntax-bigint": "7.8.3",
        "@babel/plugin-syntax-dynamic-import": "7.8.3",
        "@babel/plugin-syntax-import-assertions": "7.22.5",
        "@babel/plugin-syntax-jsx": "7.22.5",
        "@babel/plugin-transform-modules-commonjs": "7.22.5",
        "@babel/plugin-transform-runtime": "7.22.5",
        "@babel/preset-env": "7.22.5",
        "@babel/preset-react": "7.22.5",
        "@babel/preset-typescript": "7.22.5",
        "@babel/runtime": "7.22.5",
        "@babel/traverse": "7.22.5",
        "@babel/types": "7.22.5",
        "@capsizecss/metrics": "2.2.0",
        "@edge-runtime/cookies": "5.0.0",
        "@edge-runtime/ponyfill": "3.0.0",
        "@edge-runtime/primitives": "5.0.0",
        "@hapi/accept": "5.0.2",
        "@jest/transform": "29.5.0",
        "@jest/types": "29.5.0",
        "@mswjs/interceptors": "0.23.0",
        "@napi-rs/triples": "1.2.0",
        "@next/polyfill-module": "14.2.35",
        "@next/polyfill-nomodule": "14.2.35",
        "@next/react-refresh-utils": "14.2.35",
        "@next/swc": "14.2.35",
        "@opentelemetry/api": "1.6.0",
        "@playwright/test": "1.41.2",
        "@taskr/clear": "1.1.0",
        "@taskr/esnext": "1.1.0",
        "@types/amphtml-validator": "1.0.0",
        "@types/babel__code-frame": "7.0.2",
        "@types/babel__core": "7.1.12",
        "@types/babel__generator": "7.6.2",
        "@types/babel__template": "7.4.0",
        "@types/babel__traverse": "7.11.0",
        "@types/bytes": "3.1.1",
        "@types/ci-info": "2.0.0",
        "@types/compression": "0.0.36",
        "@types/content-disposition": "0.5.4",
        "@types/content-type": "1.1.3",
        "@types/cookie": "0.3.3",
        "@types/cross-spawn": "6.0.0",
        "@types/debug": "4.1.5",
        "@types/express-serve-static-core": "4.17.33",
        "@types/fresh": "0.5.0",
        "@types/glob": "7.1.1",
        "@types/graceful-fs": "4.1.9",
        "@types/jsonwebtoken": "9.0.0",
        "@types/lodash": "4.14.198",
        "@types/lodash.curry": "4.1.6",
        "@types/lru-cache": "5.1.0",
        "@types/path-to-regexp": "1.7.0",
        "@types/picomatch": "2.3.3",
        "@types/platform": "1.3.4",
        "@types/react": "18.2.37",
        "@types/react-dom": "18.2.15",
        "@types/react-is": "17.0.3",
        "@types/semver": "7.3.1",
        "@types/send": "0.14.4",
        "@types/shell-quote": "1.7.1",
        "@types/tar": "6.1.5",
        "@types/text-table": "0.2.1",
        "@types/ua-parser-js": "0.7.36",
        "@types/uuid": "8.3.1",
        "@types/webpack-sources1": "npm:@types/webpack-sources@0.1.5",
        "@types/ws": "8.2.0",
        "@vercel/ncc": "0.34.0",
        "@vercel/nft": "0.26.4",
        "@vercel/turbopack-ecmascript-runtime": "https://gitpkg-fork.vercel.sh/vercel/turbo/crates/turbopack-ecmascript-runtime/js?turbopack-240417.2",
        "acorn": "8.11.3",
        "amphtml-validator": "1.0.35",
        "anser": "1.4.9",
        "arg": "4.1.0",
        "assert": "2.0.0",
        "async-retry": "1.2.3",
        "async-sema": "3.0.0",
        "babel-plugin-transform-define": "2.0.0",
        "babel-plugin-transform-react-remove-prop-types": "0.4.24",
        "browserify-zlib": "0.2.0",
        "browserslist": "4.22.2",
        "buffer": "5.6.0",
        "bytes": "3.1.1",
        "ci-info": "watson/ci-info#f43f6a1cefff47fb361c88cf4b943fdbcaafe540",
        "cli-select": "1.1.2",
        "client-only": "0.0.1",
        "commander": "12.0.0",
        "comment-json": "3.0.3",
        "compression": "1.7.4",
        "conf": "5.0.0",
        "constants-browserify": "1.0.0",
        "content-disposition": "0.5.3",
        "content-type": "1.0.4",
        "cookie": "0.4.1",
        "cross-spawn": "7.0.3",
        "crypto-browserify": "3.12.0",
        "css.escape": "1.5.1",
        "cssnano-preset-default": "5.2.14",
        "data-uri-to-buffer": "3.0.1",
        "debug": "4.1.1",
        "devalue": "2.0.1",
        "domain-browser": "4.19.0",
        "edge-runtime": "3.0.0",
        "events": "3.3.0",
        "find-up": "4.1.0",
        "fresh": "0.5.2",
        "get-orientation": "1.1.2",
        "glob": "7.1.7",
        "gzip-size": "5.1.1",
        "http-proxy": "1.18.1",
        "http-proxy-agent": "5.0.0",
        "https-browserify": "1.0.0",
        "https-proxy-agent": "5.0.1",
        "icss-utils": "5.1.0",
        "ignore-loader": "0.1.2",
        "image-size": "1.0.0",
        "is-docker": "2.0.0",
        "is-wsl": "2.2.0",
        "jest-worker": "27.5.1",
        "json5": "2.2.3",
        "jsonwebtoken": "9.0.0",
        "loader-runner": "4.3.0",
        "loader-utils2": "npm:loader-utils@2.0.0",
        "loader-utils3": "npm:loader-utils@3.1.3",
        "lodash.curry": "4.1.1",
        "lru-cache": "5.1.1",
        "mini-css-extract-plugin": "2.4.4",
        "msw": "1.3.0",
        "nanoid": "3.1.32",
        "native-url": "0.3.4",
        "neo-async": "2.6.1",
        "node-html-parser": "5.3.3",
        "ora": "4.0.4",
        "os-browserify": "0.3.0",
        "p-limit": "3.1.0",
        "path-browserify": "1.0.1",
        "path-to-regexp": "6.1.0",
        "picomatch": "4.0.1",
        "platform": "1.3.6",
        "postcss-flexbugs-fixes": "5.0.2",
        "postcss-modules-extract-imports": "3.0.0",
        "postcss-modules-local-by-default": "4.0.4",
        "postcss-modules-scope": "3.0.0",
        "postcss-modules-values": "4.0.0",
        "postcss-preset-env": "7.4.3",
        "postcss-safe-parser": "6.0.0",
        "postcss-scss": "4.0.3",
        "postcss-value-parser": "4.2.0",
        "process": "0.11.10",
        "punycode": "2.1.1",
        "querystring-es3": "0.2.1",
        "raw-body": "2.4.1",
        "react-is": "18.2.0",
        "react-refresh": "0.12.0",
        "regenerator-runtime": "0.13.4",
        "sass-loader": "12.4.0",
        "schema-utils2": "npm:schema-utils@2.7.1",
        "schema-utils3": "npm:schema-utils@3.0.0",
        "semver": "7.3.2",
        "send": "0.17.1",
        "server-only": "0.0.1",
        "setimmediate": "1.0.5",
        "shell-quote": "1.7.3",
        "source-map": "0.6.1",
        "source-map08": "npm:source-map@0.8.0-beta.0",
        "stacktrace-parser": "0.1.10",
        "stream-browserify": "3.0.0",
        "stream-http": "3.1.1",
        "strict-event-emitter": "0.5.0",
        "string_decoder": "1.3.0",
        "string-hash": "1.1.3",
        "strip-ansi": "6.0.0",
        "superstruct": "1.0.3",
        "tar": "6.1.15",
        "taskr": "1.1.0",
        "terser": "5.27.0",
        "terser-webpack-plugin": "5.3.9",
        "text-table": "0.2.0",
        "timers-browserify": "2.0.12",
        "tty-browserify": "0.0.1",
        "ua-parser-js": "1.0.35",
        "unistore": "3.4.1",
        "util": "0.12.4",
        "uuid": "8.3.2",
        "vm-browserify": "1.1.2",
        "watchpack": "2.4.0",
        "web-vitals": "3.0.0",
        "webpack": "5.90.0",
        "webpack-sources1": "npm:webpack-sources@1.4.3",
        "webpack-sources3": "npm:webpack-sources@3.2.3",
        "ws": "8.2.3",
        "zod": "3.22.3"
      },
      "engines": {
        "node": ">=18.17.0"
      },
      "optionalDependencies": {
        "@next/swc-darwin-arm64": "14.2.33",
        "@next/swc-darwin-x64": "14.2.33",
        "@next/swc-linux-arm64-gnu": "14.2.33",
        "@next/swc-linux-arm64-musl": "14.2.33",
        "@next/swc-linux-x64-gnu": "14.2.33",
        "@next/swc-linux-x64-musl": "14.2.33",
        "@next/swc-win32-arm64-msvc": "14.2.33",
        "@next/swc-win32-ia32-msvc": "14.2.33",
        "@next/swc-win32-x64-msvc": "14.2.33"
      },
      "peerDependencies": {
        "@opentelemetry/api": "^1.1.0",
        "@playwright/test": "^1.41.2",
        "react": "^18.2.0",
        "react-dom": "^18.2.0",
        "sass": "^1.3.0"
      },
      "peerDependenciesMeta": {
        "@opentelemetry/api": {
          "optional": true
        },
        "@playwright/test": {
          "optional": true
        },
        "sass": {
          "optional": true
        }
      }
    },
    "../../node_modules/.pnpm/react-dom@18.3.1_react@18.3.1/node_modules/react-dom": {
      "version": "18.3.1",
      "license": "MIT",
      "dependencies": {
        "loose-envify": "^1.1.0",
        "scheduler": "^0.23.2"
      },
      "peerDependencies": {
        "react": "^18.3.1"
      }
    },
    "../../node_modules/.pnpm/react@18.3.1/node_modules/react": {
      "version": "18.3.1",
      "license": "MIT",
      "dependencies": {
        "loose-envify": "^1.1.0"
      },
      "engines": {
        "node": ">=0.10.0"
      }
    },
    "../../node_modules/.pnpm/rehype-autolink-headings@7.1.0/node_modules/rehype-autolink-headings": {
      "version": "7.1.0",
      "license": "MIT",
      "dependencies": {
        "@types/hast": "^3.0.0",
        "@ungap/structured-clone": "^1.0.0",
        "hast-util-heading-rank": "^3.0.0",
        "hast-util-is-element": "^3.0.0",
        "unified": "^11.0.0",
        "unist-util-visit": "^5.0.0"
      },
      "devDependencies": {
        "@types/node": "^20.0.0",
        "@types/ungap__structured-clone": "^0.3.0",
        "c8": "^8.0.0",
        "is-hidden": "^2.0.0",
        "prettier": "^3.0.0",
        "rehype": "^13.0.0",
        "remark-cli": "^11.0.0",
        "remark-preset-wooorm": "^9.0.0",
        "type-coverage": "^2.0.0",
        "typescript": "^5.0.0",
        "xo": "^0.56.0"
      },
      "funding": {
        "type": "opencollective",
        "url": "https://opencollective.com/unified"
      }
    },
    "../../node_modules/.pnpm/rehype-slug@6.0.0/node_modules/rehype-slug": {
      "version": "6.0.0",
      "license": "MIT",
      "dependencies": {
        "@types/hast": "^3.0.0",
        "github-slugger": "^2.0.0",
        "hast-util-heading-rank": "^3.0.0",
        "hast-util-to-string": "^3.0.0",
        "unist-util-visit": "^5.0.0"
      },
      "devDependencies": {
        "@types/node": "^20.0.0",
        "c8": "^8.0.0",
        "prettier": "^3.0.0",
        "rehype": "^13.0.0",
        "remark-cli": "^11.0.0",
        "remark-preset-wooorm": "^9.0.0",
        "type-coverage": "^2.0.0",
        "typescript": "^5.0.0",
        "xo": "^0.56.0"
      },
      "funding": {
        "type": "opencollective",
        "url": "https://opencollective.com/unified"
      }
    },
    "../../node_modules/.pnpm/remark-gfm@4.0.1/node_modules/remark-gfm": {
      "version": "4.0.1",
      "license": "MIT",
      "dependencies": {
        "@types/mdast": "^4.0.0",
        "mdast-util-gfm": "^3.0.0",
        "micromark-extension-gfm": "^3.0.0",
        "remark-parse": "^11.0.0",
        "remark-stringify": "^11.0.0",
        "unified": "^11.0.0"
      },
      "devDependencies": {
        "@types/node": "^22.0.0",
        "c8": "^10.0.0",
        "is-hidden": "^2.0.0",
        "prettier": "^3.0.0",
        "remark": "^15.0.0",
        "remark-cli": "^12.0.0",
        "remark-preset-wooorm": "^11.0.0",
        "string-width": "^6.0.0",
        "to-vfile": "^8.0.0",
        "type-coverage": "^2.0.0",
        "typescript": "^5.0.0",
        "xo": "^0.60.0"
      },
      "funding": {
        "type": "opencollective",
        "url": "https://opencollective.com/unified"
      }
    },
    "../../node_modules/.pnpm/shiki@4.0.2/node_modules/shiki": {
      "version": "4.0.2",
      "license": "MIT",
      "dependencies": {
        "@shikijs/core": "4.0.2",
        "@shikijs/engine-javascript": "4.0.2",
        "@shikijs/engine-oniguruma": "4.0.2",
        "@shikijs/langs": "4.0.2",
        "@shikijs/themes": "4.0.2",
        "@shikijs/types": "4.0.2",
        "@shikijs/vscode-textmate": "^10.0.2",
        "@types/hast": "^3.0.4"
      },
      "devDependencies": {
        "rollup-plugin-copy": "^3.5.0",
        "tm-grammars": "^1.31.6",
        "tm-themes": "^1.12.1",
        "vscode-oniguruma": "1.7.0"
      },
      "engines": {
        "node": ">=20"
      }
    },
    "../../node_modules/.pnpm/tailwindcss@3.4.19_tsx@4.21.0/node_modules/tailwindcss": {
      "version": "3.4.19",
      "license": "MIT",
      "dependencies": {
        "@alloc/quick-lru": "^5.2.0",
        "arg": "^5.0.2",
        "chokidar": "^3.6.0",
        "didyoumean": "^1.2.2",
        "dlv": "^1.1.3",
        "fast-glob": "^3.3.2",
        "glob-parent": "^6.0.2",
        "is-glob": "^4.0.3",
        "jiti": "^1.21.7",
        "lilconfig": "^3.1.3",
        "micromatch": "^4.0.8",
        "normalize-path": "^3.0.0",
        "object-hash": "^3.0.0",
        "picocolors": "^1.1.1",
        "postcss": "^8.4.47",
        "postcss-import": "^15.1.0",
        "postcss-js": "^4.0.1",
        "postcss-load-config": "^4.0.2 || ^5.0 || ^6.0",
        "postcss-nested": "^6.2.0",
        "postcss-selector-parser": "^6.1.2",
        "resolve": "^1.22.8",
        "sucrase": "^3.35.0"
      },
      "bin": {
        "tailwind": "lib/cli.js",
        "tailwindcss": "lib/cli.js"
      },
      "devDependencies": {
        "@swc/cli": "0.1.62",
        "@swc/core": "1.3.55",
        "@swc/jest": "0.2.26",
        "@swc/register": "0.1.10",
        "autoprefixer": "^10.4.20",
        "browserslist": "^4.24.0",
        "concurrently": "^8.2.2",
        "cssnano": "^6.1.2",
        "esbuild": "^0.24.0",
        "eslint": "^8.57.1",
        "eslint-config-prettier": "^8.10.0",
        "eslint-plugin-prettier": "^4.2.1",
        "jest": "^29.7.0",
        "jest-diff": "^29.7.0",
        "lightningcss": "1.27.0",
        "prettier": "^2.8.8",
        "rimraf": "^5.0.10",
        "source-map-js": "^1.2.1",
        "turbo": "^1.13.4"
      },
      "engines": {
        "node": ">=14.0.0"
      }
    },
    "../../node_modules/.pnpm/tsx@4.21.0/node_modules/tsx": {
      "version": "4.21.0",
      "dev": true,
      "license": "MIT",
      "dependencies": {
        "esbuild": "~0.27.0",
        "get-tsconfig": "^4.7.5"
      },
      "bin": {
        "tsx": "dist/cli.mjs"
      },
      "engines": {
        "node": ">=18.0.0"
      },
      "optionalDependencies": {
        "fsevents": "~2.3.3"
      }
    },
    "node_modules/@domglyph/ai-contract": {
      "version": "2.1.0",
      "resolved": "https://registry.npmjs.org/@domglyph/ai-contract/-/ai-contract-2.1.0.tgz",
      "integrity": "sha512-1rw1x+1t/EQQ0PUHiTOmQx/IhohY05/x9fEYWqbEd6ZTE7MvtZsdfv3iusT/2Qz8SxQNHOF/RRxXjlQoLX4Nvw=="
    },
    "node_modules/@domglyph/components": {
      "version": "2.1.0",
      "resolved": "https://registry.npmjs.org/@domglyph/components/-/components-2.1.0.tgz",
      "integrity": "sha512-z5zjzBZgWotagICPbZ5hv+Xlagb03o6nF3kvc42+ubDI6JFRXjiiwCJx9MsXJUfd4xhdt+qnQA4pztkWG/URkQ==",
      "dependencies": {
        "@domglyph/ai-contract": "2.1.0",
        "@domglyph/primitives": "2.1.0",
        "@domglyph/tokens": "2.1.0",
        "react": "^18.3.1",
        "react-dom": "^18.3.1"
      }
    },
    "node_modules/@domglyph/primitives": {
      "version": "2.1.0",
      "resolved": "https://registry.npmjs.org/@domglyph/primitives/-/primitives-2.1.0.tgz",
      "integrity": "sha512-84o/JiLBseBD/WfcUQwyVX0OQqGjvOtJgOtVIoGxocaV57Vma0XHBYWASOLSRnf8uyL5OSDw1okcLw4CRtgpMw==",
      "dependencies": {
        "@domglyph/tokens": "2.1.0",
        "react": "^18.3.1",
        "react-dom": "^18.3.1"
      }
    },
    "node_modules/@domglyph/runtime": {
      "version": "2.1.0",
      "resolved": "https://registry.npmjs.org/@domglyph/runtime/-/runtime-2.1.0.tgz",
      "integrity": "sha512-WPpRRGDzangWUiLChhUqPtoWecTcQbJB2IrSqU0RSN8MVpTnsmxaAI58ErS5acmTaX8hrz2rGbynbya1n8VoOw==",
      "dependencies": {
        "@domglyph/ai-contract": "2.1.0"
      }
    },
    "node_modules/@domglyph/tokens": {
      "version": "2.1.0",
      "resolved": "https://registry.npmjs.org/@domglyph/tokens/-/tokens-2.1.0.tgz",
      "integrity": "sha512-EeAZXqfRVffgEP5LRTKssjTEkSAejv33bIpa3Wf2iHyUXnUFeqQhkmW02Q5YZWthQch1ffqyStW1T68UExVLDA=="
    },
    "node_modules/@mdx-js/loader": {
      "resolved": "../../node_modules/.pnpm/@mdx-js+loader@3.1.1/node_modules/@mdx-js/loader",
      "link": true
    },
    "node_modules/@mdx-js/react": {
      "resolved": "../../node_modules/.pnpm/@mdx-js+react@3.1.1_@types+react@18.3.28_react@18.3.1/node_modules/@mdx-js/react",
      "link": true
    },
    "node_modules/@next/mdx": {
      "resolved": "../../node_modules/.pnpm/@next+mdx@16.2.1_@mdx-js+loader@3.1.1_@mdx-js+react@3.1.1_@types+react@18.3.28_react@18.3.1_/node_modules/@next/mdx",
      "link": true
    },
    "node_modules/@tailwindcss/typography": {
      "resolved": "../../node_modules/.pnpm/@tailwindcss+typography@0.5.19_tailwindcss@3.4.19_tsx@4.21.0_/node_modules/@tailwindcss/typography",
      "link": true
    },
    "node_modules/@types/mdx": {
      "resolved": "../../node_modules/.pnpm/@types+mdx@2.0.13/node_modules/@types/mdx",
      "link": true
    },
    "node_modules/@types/react": {
      "resolved": "../../node_modules/.pnpm/@types+react@18.3.28/node_modules/@types/react",
      "link": true
    },
    "node_modules/@types/react-dom": {
      "resolved": "../../node_modules/.pnpm/@types+react-dom@18.3.7_@types+react@18.3.28/node_modules/@types/react-dom",
      "link": true
    },
    "node_modules/autoprefixer": {
      "resolved": "../../node_modules/.pnpm/autoprefixer@10.4.27_postcss@8.5.8/node_modules/autoprefixer",
      "link": true
    },
    "node_modules/gray-matter": {
      "resolved": "../../node_modules/.pnpm/gray-matter@4.0.3/node_modules/gray-matter",
      "link": true
    },
    "node_modules/next": {
      "resolved": "../../node_modules/.pnpm/next@14.2.35_react-dom@18.3.1_react@18.3.1__react@18.3.1/node_modules/next",
      "link": true
    },
    "node_modules/next-themes": {
      "resolved": "../../node_modules/.pnpm/next-themes@0.4.6_react-dom@18.3.1_react@18.3.1__react@18.3.1/node_modules/next-themes",
      "link": true
    },
    "node_modules/react": {
      "resolved": "../../node_modules/.pnpm/react@18.3.1/node_modules/react",
      "link": true
    },
    "node_modules/react-dom": {
      "resolved": "../../node_modules/.pnpm/react-dom@18.3.1_react@18.3.1/node_modules/react-dom",
      "link": true
    },
    "node_modules/rehype-autolink-headings": {
      "resolved": "../../node_modules/.pnpm/rehype-autolink-headings@7.1.0/node_modules/rehype-autolink-headings",
      "link": true
    },
    "node_modules/rehype-slug": {
      "resolved": "../../node_modules/.pnpm/rehype-slug@6.0.0/node_modules/rehype-slug",
      "link": true
    },
    "node_modules/remark-gfm": {
      "resolved": "../../node_modules/.pnpm/remark-gfm@4.0.1/node_modules/remark-gfm",
      "link": true
    },
    "node_modules/shiki": {
      "resolved": "../../node_modules/.pnpm/shiki@4.0.2/node_modules/shiki",
      "link": true
    },
    "node_modules/tailwindcss": {
      "resolved": "../../node_modules/.pnpm/tailwindcss@3.4.19_tsx@4.21.0/node_modules/tailwindcss",
      "link": true
    },
    "node_modules/tsx": {
      "resolved": "../../node_modules/.pnpm/tsx@4.21.0/node_modules/tsx",
      "link": true
    }
  }
}
